// !$*UTF8*$!
{
	archiveVersion = 1;
	classes = {
	};
	objectVersion = 56;
	objects = {

/* Begin PBXBuildFile section */
		0E4B84C62B3200CA001F9492 /* AppDelegate.swift in Sources */ = {isa = PBXBuildFile; fileRef = 0E4B84C52B3200CA001F9492 /* AppDelegate.swift */; };
		0E4B84C82B3200CA001F9492 /* SceneDelegate.swift in Sources */ = {isa = PBXBuildFile; fileRef = 0E4B84C72B3200CA001F9492 /* SceneDelegate.swift */; };
		0E4B84CD2B3200CA001F9492 /* Main.storyboard in Resources */ = {isa = PBXBuildFile; fileRef = 0E4B84CB2B3200CA001F9492 /* Main.storyboard */; };
		0E4B84D02B3200CA001F9492 /* Notas2Storyboard.xcdatamodeld in Sources */ = {isa = PBXBuildFile; fileRef = 0E4B84CE2B3200CA001F9492 /* Notas2Storyboard.xcdatamodeld */; };
		0E4B84D22B3200CE001F9492 /* Assets.xcassets in Resources */ = {isa = PBXBuildFile; fileRef = 0E4B84D12B3200CE001F9492 /* Assets.xcassets */; };
		0E4B84D52B3200CE001F9492 /* LaunchScreen.storyboard in Resources */ = {isa = PBXBuildFile; fileRef = 0E4B84D32B3200CE001F9492 /* LaunchScreen.storyboard */; };
		0E4B84DF2B3201D7001F9492 /* Home.swift in Sources */ = {isa = PBXBuildFile; fileRef = 0E4B84DE2B3201D7001F9492 /* Home.swift */; };
		0E4B84E12B3201F1001F9492 /* addView.swift in Sources */ = {isa = PBXBuildFile; fileRef = 0E4B84E02B3201F1001F9492 /* addView.swift */; };
		0E4B84E32B320201001F9492 /* Model.swift in Sources */ = {isa = PBXBuildFile; fileRef = 0E4B84E22B320201001F9492 /* Model.swift */; };
/* End PBXBuildFile section */

/* Begin PBXFileReference section */
		0E4B84C22B3200CA001F9492 /* Notas2Storyboard.app */ = {isa = PBXFileReference; explicitFileType = wrapper.application; includeInIndex = 0; path = Notas2Storyboard.app; sourceTree = BUILT_PRODUCTS_DIR; };
		0E4B84C52B3200CA001F9492 /* AppDelegate.swift */ = {isa = PBXFileReference; lastKnownFileType = sourcecode.swift; path = AppDelegate.swift; sourceTree = "<group>"; };
		0E4B84C72B3200CA001F9492 /* SceneDelegate.swift */ = {isa = PBXFileReference; lastKnownFileType = sourcecode.swift; path = SceneDelegate.swift; sourceTree = "<group>"; };
		0E4B84CC2B3200CA001F9492 /* Base */ = {isa = PBXFileReference; lastKnownFileType = file.storyboard; name = Base; path = Base.lproj/Main.storyboard; sourceTree = "<group>"; };
		0E4B84CF2B3200CA001F9492 /* Notas2Storyboard.xcdatamodel */ = {isa = PBXFileReference; lastKnownFileType = wrapper.xcdatamodel; path = Notas2Storyboard.xcdatamodel; sourceTree = "<group>"; };
		0E4B84D12B3200CE001F9492 /* Assets.xcassets */ = {isa = PBXFileReference; lastKnownFileType = folder.assetcatalog; path = Assets.xcassets; sourceTree = "<group>"; };
		0E4B84D42B3200CE001F9492 /* Base */ = {isa = PBXFileReference; lastKnownFileType = file.storyboard; name = Base; path = Base.lproj/LaunchScreen.storyboard; sourceTree = "<group>"; };
		0E4B84D62B3200CE001F9492 /* Info.plist */ = {isa = PBXFileReference; lastKnownFileType = text.plist.xml; path = Info.plist; sourceTree = "<group>"; };
		0E4B84DE2B3201D7001F9492 /* Home.swift */ = {isa = PBXFileReference; lastKnownFileType = sourcecode.swift; path = Home.swift; sourceTree = "<group>"; };
		0E4B84E02B3201F1001F9492 /* addView.swift */ = {isa = PBXFileReference; lastKnownFileType = sourcecode.swift; path = addView.swift; sourceTree = "<group>"; };
		0E4B84E22B320201001F9492 /* Model.swift */ = {isa = PBXFileReference; lastKnownFileType = sourcecode.swift; path = Model.swift; sourceTree = "<group>"; };
/* End PBXFileReference section */

/* Begin PBXFrameworksBuildPhase section */
		0E4B84BF2B3200CA001F9492 /* Frameworks */ = {
			isa = PBXFrameworksBuildPhase;
			buildActionMask = 2147483647;
			files = (
			);
			runOnlyForDeploymentPostprocessing = 0;
		};
/* End PBXFrameworksBuildPhase section */

/* Begin PBXGroup section */
		0E4B84B92B3200CA001F9492 = {
			isa = PBXGroup;
			children = (
				0E4B84C42B3200CA001F9492 /* Notas2Storyboard */,
				0E4B84C32B3200CA001F9492 /* Products */,
			);
			sourceTree = "<group>";
		};
		0E4B84C32B3200CA001F9492 /* Products */ = {
			isa = PBXGroup;
			children = (
				0E4B84C22B3200CA001F9492 /* Notas2Storyboard.app */,
			);
			name = Products;
			sourceTree = "<group>";
		};
		0E4B84C42B3200CA001F9492 /* Notas2Storyboard */ = {
			isa = PBXGroup;
			children = (
				0E4B84DD2B3200ED001F9492 /* Model */,
				0E4B84DC2B3200E4001F9492 /* View */,
				0E4B84C52B3200CA001F9492 /* AppDelegate.swift */,
				0E4B84C72B3200CA001F9492 /* SceneDelegate.swift */,
				0E4B84CB2B3200CA001F9492 /* Main.storyboard */,
				0E4B84D12B3200CE001F9492 /* Assets.xcassets */,
				0E4B84D32B3200CE001F9492 /* LaunchScreen.storyboard */,
				0E4B84D62B3200CE001F9492 /* Info.plist */,
				0E4B84CE2B3200CA001F9492 /* Notas2Storyboard.xcdatamodeld */,
			);
			path = Notas2Storyboard;
			sourceTree = "<group>";
		};
		0E4B84DC2B3200E4001F9492 /* View */ = {
			isa = PBXGroup;
			children = (
				0E4B84DE2B3201D7001F9492 /* Home.swift */,
				0E4B84E02B3201F1001F9492 /* addView.swift */,
			);
			path = View;
			sourceTree = "<group>";
		};
		0E4B84DD2B3200ED001F9492 /* Model */ = {
			isa = PBXGroup;
			children = (
				0E4B84E22B320201001F9492 /* Model.swift */,
			);
			path = Model;
			sourceTree = "<group>";
		};
/* End PBXGroup section */

/* Begin PBXNativeTarget section */
		0E4B84C12B3200CA001F9492 /* Notas2Storyboard */ = {
			isa = PBXNativeTarget;
			buildConfigurationList = 0E4B84D92B3200CE001F9492 /* Build configuration list for PBXNativeTarget "Notas2Storyboard" */;
			buildPhases = (
				0E4B84BE2B3200CA001F9492 /* Sources */,
				0E4B84BF2B3200CA001F9492 /* Frameworks */,
				0E4B84C02B3200CA001F9492 /* Resources */,
			);
			buildRules = (
			);
			dependencies = (
			);
			name = Notas2Storyboard;
			productName = Notas2Storyboard;
			productReference = 0E4B84C22B3200CA001F9492 /* Notas2Storyboard.app */;
			productType = "com.apple.product-type.application";
		};
/* End PBXNativeTarget section */

/* Begin PBXProject section */
		0E4B84BA2B3200CA001F9492 /* Project object */ = {
			isa = PBXProject;
			attributes = {
				BuildIndependentTargetsInParallel = 1;
				LastSwiftUpdateCheck = 1500;
				LastUpgradeCheck = 1500;
				TargetAttributes = {
					0E4B84C12B3200CA001F9492 = {
						CreatedOnToolsVersion = 15.0.1;
					};
				};
			};
			buildConfigurationList = 0E4B84BD2B3200CA001F9492 /* Build configuration list for PBXProject "Notas2Storyboard" */;
			compatibilityVersion = "Xcode 14.0";
			developmentRegion = en;
			hasScannedForEncodings = 0;
			knownRegions = (
				en,
				Base,
			);
			mainGroup = 0E4B84B92B3200CA001F9492;
			productRefGroup = 0E4B84C32B3200CA001F9492 /* Products */;
			projectDirPath = "";
			projectRoot = "";
			targets = (
				0E4B84C12B3200CA001F9492 /* Notas2Storyboard */,
			);
		};
/* End PBXProject section */

/* Begin PBXResourcesBuildPhase section */
		0E4B84C02B3200CA001F9492 /* Resources */ = {
			isa = PBXResourcesBuildPhase;
			buildActionMask = 2147483647;
			files = (
				0E4B84D52B3200CE001F9492 /* LaunchScreen.storyboard in Resources */,
				0E4B84D22B3200CE001F9492 /* Assets.xcassets in Resources */,
				0E4B84CD2B3200CA001F9492 /* Main.storyboard in Resources */,
			);
			runOnlyForDeploymentPostprocessing = 0;
		};
/* End PBXResourcesBuildPhase section */

/* Begin PBXSourcesBuildPhase section */
		0E4B84BE2B3200CA001F9492 /* Sources */ = {
			isa = PBXSourcesBuildPhase;
			buildActionMask = 2147483647;
			files = (
				0E4B84D02B3200CA001F9492 /* Notas2Storyboard.xcdatamodeld in Sources */,
				0E4B84C62B3200CA001F9492 /* AppDelegate.swift in Sources */,
				0E4B84DF2B3201D7001F9492 /* Home.swift in Sources */,
				0E4B84E32B320201001F9492 /* Model.swift in Sources */,
				0E4B84E12B3201F1001F9492 /* addView.swift in Sources */,
				0E4B84C82B3200CA001F9492 /* SceneDelegate.swift in Sources */,
			);
			runOnlyForDeploymentPostprocessing = 0;
		};
/* End PBXSourcesBuildPhase section */

/* Begin PBXVariantGroup section */
		0E4B84CB2B3200CA001F9492 /* Main.storyboard */ = {
			isa = PBXVariantGroup;
			children = (
				0E4B84CC2B3200CA001F9492 /* Base */,
			);
			name = Main.storyboard;
			sourceTree = "<group>";
		};
		0E4B84D32B3200CE001F9492 /* LaunchScreen.storyboard */ = {
			isa = PBXVariantGroup;
			children = (
				0E4B84D42B3200CE001F9492 /* Base */,
			);
			name = LaunchScreen.storyboard;
			sourceTree = "<group>";
		};
/* End PBXVariantGroup section */

/* Begin XCBuildConfiguration section */
		0E4B84D72B3200CE001F9492 /* Debug */ = {
			isa = XCBuildConfiguration;
			buildSettings = {
				ALWAYS_SEARCH_USER_PATHS = NO;
				ASSETCATALOG_COMPILER_GENERATE_SWIFT_ASSET_SYMBOL_EXTENSIONS = YES;
				CLANG_ANALYZER_NONNULL = YES;
				CLANG_ANALYZER_NUMBER_OBJECT_CONVERSION = YES_AGGRESSIVE;
				CLANG_CXX_LANGUAGE_STANDARD = "gnu++20";
				CLANG_ENABLE_MODULES = YES;
				CLANG_ENABLE_OBJC_ARC = YES;
				CLANG_ENABLE_OBJC_WEAK = YES;
				CLANG_WARN_BLOCK_CAPTURE_AUTORELEASING = YES;
				CLANG_WARN_BOOL_CONVERSION = YES;
				CLANG_WARN_COMMA = YES;
				CLANG_WARN_CONSTANT_CONVERSION = YES;
				CLANG_WARN_DEPRECATED_OBJC_IMPLEMENTATIONS = YES;
				CLANG_WARN_DIRECT_OBJC_ISA_USAGE = YES_ERROR;
				CLANG_WARN_DOCUMENTATION_COMMENTS = YES;
				CLANG_WARN_EMPTY_BODY = YES;
				CLANG_WARN_ENUM_CONVERSION = YES;
				CLANG_WARN_INFINITE_RECURSION = YES;
				CLANG_WARN_INT_CONVERSION = YES;
				CLANG_WARN_NON_LITERAL_NULL_CONVERSION = YES;
				CLANG_WARN_OBJC_IMPLICIT_RETAIN_SELF = YES;
				CLANG_WARN_OBJC_LITERAL_CONVERSION = YES;
				CLANG_WARN_OBJC_ROOT_CLASS = YES_ERROR;
				CLANG_WARN_QUOTED_INCLUDE_IN_FRAMEWORK_HEADER = YES;
				CLANG_WARN_RANGE_LOOP_ANALYSIS = YES;
				CLANG_WARN_STRICT_PROTOTYPES = YES;
				CLANG_WARN_SUSPICIOUS_MOVE = YES;
				CLANG_WARN_UNGUARDED_AVAILABILITY = YES_AGGRESSIVE;
				CLANG_WARN_UNREACHABLE_CODE = YES;
				CLANG_WARN__DUPLICATE_METHOD_MATCH = YES;
				COPY_PHASE_STRIP = NO;
				DEBUG_INFORMATION_FORMAT = dwarf;
				ENABLE_STRICT_OBJC_MSGSEND = YES;
				ENABLE_TESTABILITY = YES;
				ENABLE_USER_SCRIPT_SANDBOXING = YES;
				GCC_C_LANGUAGE_STANDARD = gnu17;
				GCC_DYNAMIC_NO_PIC = NO;
				GCC_NO_COMMON_BLOCKS = YES;
				GCC_OPTIMIZATION_LEVEL = 0;
				GCC_PREPROCESSOR_DEFINITIONS = (
					"DEBUG=1",
					"$(inherited)",
				);
				GCC_WARN_64_TO_32_BIT_CONVERSION = YES;
				GCC_WARN_ABOUT_RETURN_TYPE = YES_ERROR;
				GCC_WARN_UNDECLARED_SELECTOR = YES;
				GCC_WARN_UNINITIALIZED_AUTOS = YES_AGGRESSIVE;
				GCC_WARN_UNUSED_FUNCTION = YES;
				GCC_WARN_UNUSED_VARIABLE = YES;
				IPHONEOS_DEPLOYMENT_TARGET = 17.0;
				LOCALIZATION_PREFERS_STRING_CATALOGS = YES;
				MTL_ENABLE_DEBUG_INFO = INCLUDE_SOURCE;
				MTL_FAST_MATH = YES;
				ONLY_ACTIVE_ARCH = YES;
				SDKROOT = iphoneos;
				SWIFT_ACTIVE_COMPILATION_CONDITIONS = "DEBUG $(inherited)";
				SWIFT_OPTIMIZATION_LEVEL = "-Onone";
			};
			name = Debug;
		};
		0E4B84D82B3200CE001F9492 /* Release */ = {
			isa = XCBuildConfiguration;
			buildSettings = {
				ALWAYS_SEARCH_USER_PATHS = NO;
				ASSETCATALOG_COMPILER_GENERATE_SWIFT_ASSET_SYMBOL_EXTENSIONS = YES;
				CLANG_ANALYZER_NONNULL = YES;
				CLANG_ANALYZER_NUMBER_OBJECT_CONVERSION = YES_AGGRESSIVE;
				CLANG_CXX_LANGUAGE_STANDARD = "gnu++20";
				CLANG_ENABLE_MODULES = YES;
				CLANG_ENABLE_OBJC_ARC = YES;
				CLANG_ENABLE_OBJC_WEAK = YES;
				CLANG_WARN_BLOCK_CAPTURE_AUTORELEASING = YES;
				CLANG_WARN_BOOL_CONVERSION = YES;
				CLANG_WARN_COMMA = YES;
				CLANG_WARN_CONSTANT_CONVERSION = YES;
				CLANG_WARN_DEPRECATED_OBJC_IMPLEMENTATIONS = YES;
				CLANG_WARN_DIRECT_OBJC_ISA_USAGE = YES_ERROR;
				CLANG_WARN_DOCUMENTATION_COMMENTS = YES;
				CLANG_WARN_EMPTY_BODY = YES;
				CLANG_WARN_ENUM_CONVERSION = YES;
				CLANG_WARN_INFINITE_RECURSION = YES;
				CLANG_WARN_INT_CONVERSION = YES;
				CLANG_WARN_NON_LITERAL_NULL_CONVERSION = YES;
				CLANG_WARN_OBJC_IMPLICIT_RETAIN_SELF = YES;
				CLANG_WARN_OBJC_LITERAL_CONVERSION = YES;
				CLANG_WARN_OBJC_ROOT_CLASS = YES_ERROR;
				CLANG_WARN_QUOTED_INCLUDE_IN_FRAMEWORK_HEADER = YES;
				CLANG_WARN_RANGE_LOOP_ANALYSIS = YES;
				CLANG_WARN_STRICT_PROTOTYPES = YES;
				CLANG_WARN_SUSPICIOUS_MOVE = YES;
				CLANG_WARN_UNGUARDED_AVAILABILITY = YES_AGGRESSIVE;
				CLANG_WARN_UNREACHABLE_CODE = YES;
				CLANG_WARN__DUPLICATE_METHOD_MATCH = YES;
				COPY_PHASE_STRIP = NO;
				DEBUG_INFORMATION_FORMAT = "dwarf-with-dsym";
				ENABLE_NS_ASSERTIONS = NO;
				ENABLE_STRICT_OBJC_MSGSEND = YES;
				ENABLE_USER_SCRIPT_SANDBOXING = YES;
				GCC_C_LANGUAGE_STANDARD = gnu17;
				GCC_NO_COMMON_BLOCKS = YES;
				GCC_WARN_64_TO_32_BIT_CONVERSION = YES;
				GCC_WARN_ABOUT_RETURN_TYPE = YES_ERROR;
				GCC_WARN_UNDECLARED_SELECTOR = YES;
				GCC_WARN_UNINITIALIZED_AUTOS = YES_AGGRESSIVE;
				GCC_WARN_UNUSED_FUNCTION = YES;
				GCC_WARN_UNUSED_VARIABLE = YES;
				IPHONEOS_DEPLOYMENT_TARGET = 17.0;
				LOCALIZATION_PREFERS_STRING_CATALOGS = YES;
				MTL_ENABLE_DEBUG_INFO = NO;
				MTL_FAST_MATH = YES;
				SDKROOT = iphoneos;
				SWIFT_COMPILATION_MODE = wholemodule;
				VALIDATE_PRODUCT = YES;
			};
			name = Release;
		};
		0E4B84DA2B3200CE001F9492 /* Debug */ = {
			isa = XCBuildConfiguration;
			buildSettings = {
				ASSETCATALOG_COMPILER_APPICON_NAME = AppIcon;
				ASSETCATALOG_COMPILER_GLOBAL_ACCENT_COLOR_NAME = AccentColor;
				CODE_SIGN_STYLE = Automatic;
				CURRENT_PROJECT_VERSION = 1;
				GENERATE_INFOPLIST_FILE = YES;
				INFOPLIST_FILE = Notas2Storyboard/Info.plist;
				INFOPLIST_KEY_UIApplicationSupportsIndirectInputEvents = YES;
				INFOPLIST_KEY_UILaunchStoryboardName = LaunchScreen;
				INFOPLIST_KEY_UIMainStoryboardFile = Main;
				INFOPLIST_KEY_UISupportedInterfaceOrientations_iPad = "UIInterfaceOrientationPortrait UIInterfaceOrientationPortraitUpsideDown UIInterfaceOrientationLandscapeLeft UIInterfaceOrientationLandscapeRight";
				INFOPLIST_KEY_UISupportedInterfaceOrientations_iPhone = "UIInterfaceOrientationPortrait UIInterfaceOrientationLandscapeLeft UIInterfaceOrientationLandscapeRight";
				IPHONEOS_DEPLOYMENT_TARGET = 15.1;
				LD_RUNPATH_SEARCH_PATHS = (
					"$(inherited)",
					"@executable_path/Frameworks",
				);
				MARKETING_VERSION = 1.0;
				PRODUCT_BUNDLE_IDENTIFIER = dm.Notas2Storyboard;
				PRODUCT_NAME = "$(TARGET_NAME)";
				SWIFT_EMIT_LOC_STRINGS = YES;
				SWIFT_VERSION = 5.0;
				TARGETED_DEVICE_FAMILY = "1,2";
			};
			name = Debug;
		};
		0E4B84DB2B3200CE001F9492 /* Release */ = {
			isa = XCBuildConfiguration;
			buildSettings = {
				ASSETCATALOG_COMPILER_APPICON_NAME = AppIcon;
				ASSETCATALOG_COMPILER_GLOBAL_ACCENT_COLOR_NAME = AccentColor;
				CODE_SIGN_STYLE = Automatic;
				CURRENT_PROJECT_VERSION = 1;
				GENERATE_INFOPLIST_FILE = YES;
				INFOPLIST_FILE = Notas2Storyboard/Info.plist;
				INFOPLIST_KEY_UIApplicationSupportsIndirectInputEvents = YES;
				INFOPLIST_KEY_UILaunchStoryboardName = LaunchScreen;
				INFOPLIST_KEY_UIMainStoryboardFile = Main;
				INFOPLIST_KEY_UISupportedInterfaceOrientations_iPad = "UIInterfaceOrientationPortrait UIInterfaceOrientationPortraitUpsideDown UIInterfaceOrientationLandscapeLeft UIInterfaceOrientationLandscapeRight";
				INFOPLIST_KEY_UISupportedInterfaceOrientations_iPhone = "UIInterfaceOrientationPortrait UIInterfaceOrientationLandscapeLeft UIInterfaceOrientationLandscapeRight";
				IPHONEOS_DEPLOYMENT_TARGET = 15.1;
				LD_RUNPATH_SEARCH_PATHS = (
					"$(inherited)",
					"@executable_path/Frameworks",
				);
				MARKETING_VERSION = 1.0;
				PRODUCT_BUNDLE_IDENTIFIER = dm.Notas2Storyboard;
				PRODUCT_NAME = "$(TARGET_NAME)";
				SWIFT_EMIT_LOC_STRINGS = YES;
				SWIFT_VERSION = 5.0;
				TARGETED_DEVICE_FAMILY = "1,2";
			};
			name = Release;
		};
/* End XCBuildConfiguration section */

/* Begin XCConfigurationList section */
		0E4B84BD2B3200CA001F9492 /* Build configuration list for PBXProject "Notas2Storyboard" */ = {
			isa = XCConfigurationList;
			buildConfigurations = (
				0E4B84D72B3200CE001F9492 /* Debug */,
				0E4B84D82B3200CE001F9492 /* Release */,
			);
			defaultConfigurationIsVisible = 0;
			defaultConfigurationName = Release;
		};
		0E4B84D92B3200CE001F9492 /* Build configuration list for PBXNativeTarget "Notas2Storyboard" */ = {
			isa = XCConfigurationList;
			buildConfigurations = (
				0E4B84DA2B3200CE001F9492 /* Debug */,
				0E4B84DB2B3200CE001F9492 /* Release */,
			);
			defaultConfigurationIsVisible = 0;
			defaultConfigurationName = Release;
		};
/* End XCConfigurationList section */

/* Begin XCVersionGroup section */
		0E4B84CE2B3200CA001F9492 /* Notas2Storyboard.xcdatamodeld */ = {
			isa = XCVersionGroup;
			children = (
				0E4B84CF2B3200CA001F9492 /* Notas2Storyboard.xcdatamodel */,
			);
			currentVersion = 0E4B84CF2B3200CA001F9492 /* Notas2Storyboard.xcdatamodel */;
			path = Notas2Storyboard.xcdatamodeld;
			sourceTree = "<group>";
			versionGroupType = wrapper.xcdatamodel;
		};
/* End XCVersionGroup section */
	};
	rootObject = 0E4B84BA2B3200CA001F9492 /* Project object */;
}
